
Microsoft Visual Studio Solution File, Format Version 12.00
# Visual Studio Version 17
VisualStudioVersion = 17.7.34031.279
MinimumVisualStudioVersion = 10.0.40219.1
Project("{FAE04EC0-301F-11D3-BF4B-00C04F79EFBC}") = "CoreWebProject", "CoreWebProject\CoreWebProject.csproj", "{94DE1593-8861-4824-88AB-FEED27072C29}"
EndProject
Global
	GlobalSection(SolutionConfigurationPlatforms) = preSolution
		Debug|Any CPU = Debug|Any CPU
		Release|Any CPU = Release|Any CPU
	EndGlobalSection
	GlobalSection(ProjectConfigurationPlatforms) = postSolution
		{94DE1593-8861-4824-88AB-FEED27072C29}.Debug|Any CPU.ActiveCfg = Debug|Any CPU
		{94DE1593-8861-4824-88AB-FEED27072C29}.Debug|Any CPU.Build.0 = Debug|Any CPU
		{94DE1593-8861-4824-88AB-FEED27072C29}.Release|Any CPU.ActiveCfg = Release|Any CPU
		{94DE1593-8861-4824-88AB-FEED27072C29}.Release|Any CPU.Build.0 = Release|Any CPU
	EndGlobalSection
	GlobalSection(SolutionProperties) = preSolution
		HideSolutionNode = FALSE
	EndGlobalSection
	GlobalSection(ExtensibilityGlobals) = postSolution
		SolutionGuid = {FFEBCF4F-DC43-4289-93F1-8BAF3016B3BB}
	EndGlobalSection
EndGlobal
