
Microsoft Visual Studio Solution File, Format Version 12.00
# Visual Studio Version 17
VisualStudioVersion = 17.7.34031.279
MinimumVisualStudioVersion = 10.0.40219.1
Project("{FAE04EC0-301F-11D3-BF4B-00C04F79EFBC}") = "StudentService", "StudentService\StudentService.csproj", "{14BFD09D-00DA-49C8-95C4-AED504FC4460}"
EndProject
Global
	GlobalSection(SolutionConfigurationPlatforms) = preSolution
		Debug|Any CPU = Debug|Any CPU
		Release|Any CPU = Release|Any CPU
	EndGlobalSection
	GlobalSection(ProjectConfigurationPlatforms) = postSolution
		{14BFD09D-00DA-49C8-95C4-AED504FC4460}.Debug|Any CPU.ActiveCfg = Debug|Any CPU
		{14BFD09D-00DA-49C8-95C4-AED504FC4460}.Debug|Any CPU.Build.0 = Debug|Any CPU
		{14BFD09D-00DA-49C8-95C4-AED504FC4460}.Release|Any CPU.ActiveCfg = Release|Any CPU
		{14BFD09D-00DA-49C8-95C4-AED504FC4460}.Release|Any CPU.Build.0 = Release|Any CPU
	EndGlobalSection
	GlobalSection(SolutionProperties) = preSolution
		HideSolutionNode = FALSE
	EndGlobalSection
	GlobalSection(ExtensibilityGlobals) = postSolution
		SolutionGuid = {C41D97E9-73B2-473A-B902-346C35A652AE}
	EndGlobalSection
EndGlobal
